
Microsoft Visual Studio Solution File, Format Version 12.00
# Visual Studio Version 17
VisualStudioVersion = 17.9.34728.123
MinimumVisualStudioVersion = 10.0.40219.1
Project("{9A19103F-16F7-4668-BE54-9A1E7A4F7556}") = "HomeWork4_2_2", "HomeWork4_2_2\HomeWork4_2_2.csproj", "{A3B897B7-F985-478C-B031-D98A5F3F3300}"
EndProject
Project("{FAE04EC0-301F-11D3-BF4B-00C04F79EFBC}") = "HomeWork4_2_3", "HomeWork4_2_3\HomeWork4_2_3.csproj", "{7F4AE836-ED58-4EB4-B579-6AE0C0F9F309}"
EndProject
Project("{FAE04EC0-301F-11D3-BF4B-00C04F79EFBC}") = "HomeWork4_2_4", "HomeWork4_2_4\HomeWork4_2_4.csproj", "{1CB66E24-A953-4CD2-9670-668CA9D868E0}"
EndProject
Project("{FAE04EC0-301F-11D3-BF4B-00C04F79EFBC}") = "HomeWork4_2_6", "HomeWork4_2_6\HomeWork4_2_6.csproj", "{5F35548B-3ACD-455C-8670-8EF2010BC399}"
EndProject
Global
	GlobalSection(SolutionConfigurationPlatforms) = preSolution
		Debug|Any CPU = Debug|Any CPU
		Release|Any CPU = Release|Any CPU
	EndGlobalSection
	GlobalSection(ProjectConfigurationPlatforms) = postSolution
		{A3B897B7-F985-478C-B031-D98A5F3F3300}.Debug|Any CPU.ActiveCfg = Debug|Any CPU
		{A3B897B7-F985-478C-B031-D98A5F3F3300}.Debug|Any CPU.Build.0 = Debug|Any CPU
		{A3B897B7-F985-478C-B031-D98A5F3F3300}.Release|Any CPU.ActiveCfg = Release|Any CPU
		{A3B897B7-F985-478C-B031-D98A5F3F3300}.Release|Any CPU.Build.0 = Release|Any CPU
		{7F4AE836-ED58-4EB4-B579-6AE0C0F9F309}.Debug|Any CPU.ActiveCfg = Debug|Any CPU
		{7F4AE836-ED58-4EB4-B579-6AE0C0F9F309}.Debug|Any CPU.Build.0 = Debug|Any CPU
		{7F4AE836-ED58-4EB4-B579-6AE0C0F9F309}.Release|Any CPU.ActiveCfg = Release|Any CPU
		{7F4AE836-ED58-4EB4-B579-6AE0C0F9F309}.Release|Any CPU.Build.0 = Release|Any CPU
		{1CB66E24-A953-4CD2-9670-668CA9D868E0}.Debug|Any CPU.ActiveCfg = Debug|Any CPU
		{1CB66E24-A953-4CD2-9670-668CA9D868E0}.Debug|Any CPU.Build.0 = Debug|Any CPU
		{1CB66E24-A953-4CD2-9670-668CA9D868E0}.Release|Any CPU.ActiveCfg = Release|Any CPU
		{1CB66E24-A953-4CD2-9670-668CA9D868E0}.Release|Any CPU.Build.0 = Release|Any CPU
		{5F35548B-3ACD-455C-8670-8EF2010BC399}.Debug|Any CPU.ActiveCfg = Debug|Any CPU
		{5F35548B-3ACD-455C-8670-8EF2010BC399}.Debug|Any CPU.Build.0 = Debug|Any CPU
		{5F35548B-3ACD-455C-8670-8EF2010BC399}.Release|Any CPU.ActiveCfg = Release|Any CPU
		{5F35548B-3ACD-455C-8670-8EF2010BC399}.Release|Any CPU.Build.0 = Release|Any CPU
	EndGlobalSection
	GlobalSection(SolutionProperties) = preSolution
		HideSolutionNode = FALSE
	EndGlobalSection
	GlobalSection(ExtensibilityGlobals) = postSolution
		SolutionGuid = {639DD197-E920-4E7E-9DB9-3EEBC9181771}
	EndGlobalSection
EndGlobal
